// !$*UTF8*$!
{
	archiveVersion = 1;
	classes = {
	};
	objectVersion = 50;
	objects = {

/* Begin PBXBuildFile section */
		98A2DF91215B8B46003433FE /* AppDelegate.swift in Sources */ = {isa = PBXBuildFile; fileRef = 98A2DF90215B8B46003433FE /* AppDelegate.swift */; };
		98A2DF93215B8B46003433FE /* ViewController.swift in Sources */ = {isa = PBXBuildFile; fileRef = 98A2DF92215B8B46003433FE /* ViewController.swift */; };
		98A2DF96215B8B46003433FE /* Main.storyboard in Resources */ = {isa = PBXBuildFile; fileRef = 98A2DF94215B8B46003433FE /* Main.storyboard */; };
		98A2DF98215B8B46003433FE /* Assets.xcassets in Resources */ = {isa = PBXBuildFile; fileRef = 98A2DF97215B8B46003433FE /* Assets.xcassets */; };
		98A2DF9B215B8B46003433FE /* LaunchScreen.storyboard in Resources */ = {isa = PBXBuildFile; fileRef = 98A2DF99215B8B46003433FE /* LaunchScreen.storyboard */; };
/* End PBXBuildFile section */

/* Begin PBXFileReference section */
		98A2DF8D215B8B46003433FE /* UILabelSearchHighlighter.app */ = {isa = PBXFileReference; explicitFileType = wrapper.application; includeInIndex = 0; path = UILabelSearchHighlighter.app; sourceTree = BUILT_PRODUCTS_DIR; };
		98A2DF90215B8B46003433FE /* AppDelegate.swift */ = {isa = PBXFileReference; lastKnownFileType = sourcecode.swift; path = AppDelegate.swift; sourceTree = "<group>"; };
		98A2DF92215B8B46003433FE /* ViewController.swift */ = {isa = PBXFileReference; lastKnownFileType = sourcecode.swift; path = ViewController.swift; sourceTree = "<group>"; };
		98A2DF95215B8B46003433FE /* Base */ = {isa = PBXFileReference; lastKnownFileType = file.storyboard; name = Base; path = Base.lproj/Main.storyboard; sourceTree = "<group>"; };
		98A2DF97215B8B46003433FE /* Assets.xcassets */ = {isa = PBXFileReference; lastKnownFileType = folder.assetcatalog; path = Assets.xcassets; sourceTree = "<group>"; };
		98A2DF9A215B8B46003433FE /* Base */ = {isa = PBXFileReference; lastKnownFileType = file.storyboard; name = Base; path = Base.lproj/LaunchScreen.storyboard; sourceTree = "<group>"; };
		98A2DF9C215B8B46003433FE /* Info.plist */ = {isa = PBXFileReference; lastKnownFileType = text.plist.xml; path = Info.plist; sourceTree = "<group>"; };
/* End PBXFileReference section */

/* Begin PBXFrameworksBuildPhase section */
		98A2DF8A215B8B46003433FE /* Frameworks */ = {
			isa = PBXFrameworksBuildPhase;
			buildActionMask = 2147483647;
			files = (
			);
			runOnlyForDeploymentPostprocessing = 0;
		};
/* End PBXFrameworksBuildPhase section */

/* Begin PBXGroup section */
		98A2DF84215B8B46003433FE = {
			isa = PBXGroup;
			children = (
				98A2DF8F215B8B46003433FE /* UILabelSearchHighlighter */,
				98A2DF8E215B8B46003433FE /* Products */,
			);
			sourceTree = "<group>";
		};
		98A2DF8E215B8B46003433FE /* Products */ = {
			isa = PBXGroup;
			children = (
				98A2DF8D215B8B46003433FE /* UILabelSearchHighlighter.app */,
			);
			name = Products;
			sourceTree = "<group>";
		};
		98A2DF8F215B8B46003433FE /* UILabelSearchHighlighter */ = {
			isa = PBXGroup;
			children = (
				98A2DFA4215B8BA2003433FE /* Delegates */,
				98A2DFA5215B8BA8003433FE /* View Controllers */,
				98A2DFA2215B8B96003433FE /* Storyboards */,
				98A2DF97215B8B46003433FE /* Assets.xcassets */,
				98A2DFA3215B8B9C003433FE /* Support Files */,
			);
			path = UILabelSearchHighlighter;
			sourceTree = "<group>";
		};
		98A2DFA2215B8B96003433FE /* Storyboards */ = {
			isa = PBXGroup;
			children = (
				98A2DF94215B8B46003433FE /* Main.storyboard */,
				98A2DF99215B8B46003433FE /* LaunchScreen.storyboard */,
			);
			path = Storyboards;
			sourceTree = "<group>";
		};
		98A2DFA3215B8B9C003433FE /* Support Files */ = {
			isa = PBXGroup;
			children = (
				98A2DF9C215B8B46003433FE /* Info.plist */,
			);
			path = "Support Files";
			sourceTree = "<group>";
		};
		98A2DFA4215B8BA2003433FE /* Delegates */ = {
			isa = PBXGroup;
			children = (
				98A2DF90215B8B46003433FE /* AppDelegate.swift */,
			);
			path = Delegates;
			sourceTree = "<group>";
		};
		98A2DFA5215B8BA8003433FE /* View Controllers */ = {
			isa = PBXGroup;
			children = (
				98A2DF92215B8B46003433FE /* ViewController.swift */,
			);
			path = "View Controllers";
			sourceTree = "<group>";
		};
/* End PBXGroup section */

/* Begin PBXNativeTarget section */
		98A2DF8C215B8B46003433FE /* UILabelSearchHighlighter */ = {
			isa = PBXNativeTarget;
			buildConfigurationList = 98A2DF9F215B8B46003433FE /* Build configuration list for PBXNativeTarget "UILabelSearchHighlighter" */;
			buildPhases = (
				98A2DF89215B8B46003433FE /* Sources */,
				98A2DF8A215B8B46003433FE /* Frameworks */,
				98A2DF8B215B8B46003433FE /* Resources */,
			);
			buildRules = (
			);
			dependencies = (
			);
			name = UILabelSearchHighlighter;
			productName = UILabelSearchHighlighter;
			productReference = 98A2DF8D215B8B46003433FE /* UILabelSearchHighlighter.app */;
			productType = "com.apple.product-type.application";
		};
/* End PBXNativeTarget section */

/* Begin PBXProject section */
		98A2DF85215B8B46003433FE /* Project object */ = {
			isa = PBXProject;
			attributes = {
				LastSwiftUpdateCheck = 1000;
				LastUpgradeCheck = 1000;
				ORGANIZATIONNAME = "Leonardo Cardoso • https://leocardz.com";
				TargetAttributes = {
					98A2DF8C215B8B46003433FE = {
						CreatedOnToolsVersion = 10.0;
					};
				};
			};
			buildConfigurationList = 98A2DF88215B8B46003433FE /* Build configuration list for PBXProject "UILabelSearchHighlighter" */;
			compatibilityVersion = "Xcode 9.3";
			developmentRegion = en;
			hasScannedForEncodings = 0;
			knownRegions = (
				en,
				Base,
			);
			mainGroup = 98A2DF84215B8B46003433FE;
			productRefGroup = 98A2DF8E215B8B46003433FE /* Products */;
			projectDirPath = "";
			projectRoot = "";
			targets = (
				98A2DF8C215B8B46003433FE /* UILabelSearchHighlighter */,
			);
		};
/* End PBXProject section */

/* Begin PBXResourcesBuildPhase section */
		98A2DF8B215B8B46003433FE /* Resources */ = {
			isa = PBXResourcesBuildPhase;
			buildActionMask = 2147483647;
			files = (
				98A2DF9B215B8B46003433FE /* LaunchScreen.storyboard in Resources */,
				98A2DF98215B8B46003433FE /* Assets.xcassets in Resources */,
				98A2DF96215B8B46003433FE /* Main.storyboard in Resources */,
			);
			runOnlyForDeploymentPostprocessing = 0;
		};
/* End PBXResourcesBuildPhase section */

/* Begin PBXSourcesBuildPhase section */
		98A2DF89215B8B46003433FE /* Sources */ = {
			isa = PBXSourcesBuildPhase;
			buildActionMask = 2147483647;
			files = (
				98A2DF93215B8B46003433FE /* ViewController.swift in Sources */,
				98A2DF91215B8B46003433FE /* AppDelegate.swift in Sources */,
			);
			runOnlyForDeploymentPostprocessing = 0;
		};
/* End PBXSourcesBuildPhase section */

/* Begin PBXVariantGroup section */
		98A2DF94215B8B46003433FE /* Main.storyboard */ = {
			isa = PBXVariantGroup;
			children = (
				98A2DF95215B8B46003433FE /* Base */,
			);
			name = Main.storyboard;
			sourceTree = "<group>";
		};
		98A2DF99215B8B46003433FE /* LaunchScreen.storyboard */ = {
			isa = PBXVariantGroup;
			children = (
				98A2DF9A215B8B46003433FE /* Base */,
			);
			name = LaunchScreen.storyboard;
			sourceTree = "<group>";
		};
/* End PBXVariantGroup section */

/* Begin XCBuildConfiguration section */
		98A2DF9D215B8B46003433FE /* Debug */ = {
			isa = XCBuildConfiguration;
			buildSettings = {
				ALWAYS_SEARCH_USER_PATHS = NO;
				CLANG_ANALYZER_NONNULL = YES;
				CLANG_ANALYZER_NUMBER_OBJECT_CONVERSION = YES_AGGRESSIVE;
				CLANG_CXX_LANGUAGE_STANDARD = "gnu++14";
				CLANG_CXX_LIBRARY = "libc++";
				CLANG_ENABLE_MODULES = YES;
				CLANG_ENABLE_OBJC_ARC = YES;
				CLANG_ENABLE_OBJC_WEAK = YES;
				CLANG_WARN_BLOCK_CAPTURE_AUTORELEASING = YES;
				CLANG_WARN_BOOL_CONVERSION = YES;
				CLANG_WARN_COMMA = YES;
				CLANG_WARN_CONSTANT_CONVERSION = YES;
				CLANG_WARN_DEPRECATED_OBJC_IMPLEMENTATIONS = YES;
				CLANG_WARN_DIRECT_OBJC_ISA_USAGE = YES_ERROR;
				CLANG_WARN_DOCUMENTATION_COMMENTS = YES;
				CLANG_WARN_EMPTY_BODY = YES;
				CLANG_WARN_ENUM_CONVERSION = YES;
				CLANG_WARN_INFINITE_RECURSION = YES;
				CLANG_WARN_INT_CONVERSION = YES;
				CLANG_WARN_NON_LITERAL_NULL_CONVERSION = YES;
				CLANG_WARN_OBJC_IMPLICIT_RETAIN_SELF = YES;
				CLANG_WARN_OBJC_LITERAL_CONVERSION = YES;
				CLANG_WARN_OBJC_ROOT_CLASS = YES_ERROR;
				CLANG_WARN_RANGE_LOOP_ANALYSIS = YES;
				CLANG_WARN_STRICT_PROTOTYPES = YES;
				CLANG_WARN_SUSPICIOUS_MOVE = YES;
				CLANG_WARN_UNGUARDED_AVAILABILITY = YES_AGGRESSIVE;
				CLANG_WARN_UNREACHABLE_CODE = YES;
				CLANG_WARN__DUPLICATE_METHOD_MATCH = YES;
				CODE_SIGN_IDENTITY = "iPhone Developer";
				COPY_PHASE_STRIP = NO;
				DEBUG_INFORMATION_FORMAT = dwarf;
				ENABLE_STRICT_OBJC_MSGSEND = YES;
				ENABLE_TESTABILITY = YES;
				GCC_C_LANGUAGE_STANDARD = gnu11;
				GCC_DYNAMIC_NO_PIC = NO;
				GCC_NO_COMMON_BLOCKS = YES;
				GCC_OPTIMIZATION_LEVEL = 0;
				GCC_PREPROCESSOR_DEFINITIONS = (
					"DEBUG=1",
					"$(inherited)",
				);
				GCC_WARN_64_TO_32_BIT_CONVERSION = YES;
				GCC_WARN_ABOUT_RETURN_TYPE = YES_ERROR;
				GCC_WARN_UNDECLARED_SELECTOR = YES;
				GCC_WARN_UNINITIALIZED_AUTOS = YES_AGGRESSIVE;
				GCC_WARN_UNUSED_FUNCTION = YES;
				GCC_WARN_UNUSED_VARIABLE = YES;
				IPHONEOS_DEPLOYMENT_TARGET = 12.0;
				MTL_ENABLE_DEBUG_INFO = INCLUDE_SOURCE;
				MTL_FAST_MATH = YES;
				ONLY_ACTIVE_ARCH = YES;
				SDKROOT = iphoneos;
				SWIFT_ACTIVE_COMPILATION_CONDITIONS = DEBUG;
				SWIFT_OPTIMIZATION_LEVEL = "-Onone";
			};
			name = Debug;
		};
		98A2DF9E215B8B46003433FE /* Release */ = {
			isa = XCBuildConfiguration;
			buildSettings = {
				ALWAYS_SEARCH_USER_PATHS = NO;
				CLANG_ANALYZER_NONNULL = YES;
				CLANG_ANALYZER_NUMBER_OBJECT_CONVERSION = YES_AGGRESSIVE;
				CLANG_CXX_LANGUAGE_STANDARD = "gnu++14";
				CLANG_CXX_LIBRARY = "libc++";
				CLANG_ENABLE_MODULES = YES;
				CLANG_ENABLE_OBJC_ARC = YES;
				CLANG_ENABLE_OBJC_WEAK = YES;
				CLANG_WARN_BLOCK_CAPTURE_AUTORELEASING = YES;
				CLANG_WARN_BOOL_CONVERSION = YES;
				CLANG_WARN_COMMA = YES;
				CLANG_WARN_CONSTANT_CONVERSION = YES;
				CLANG_WARN_DEPRECATED_OBJC_IMPLEMENTATIONS = YES;
				CLANG_WARN_DIRECT_OBJC_ISA_USAGE = YES_ERROR;
				CLANG_WARN_DOCUMENTATION_COMMENTS = YES;
				CLANG_WARN_EMPTY_BODY = YES;
				CLANG_WARN_ENUM_CONVERSION = YES;
				CLANG_WARN_INFINITE_RECURSION = YES;
				CLANG_WARN_INT_CONVERSION = YES;
				CLANG_WARN_NON_LITERAL_NULL_CONVERSION = YES;
				CLANG_WARN_OBJC_IMPLICIT_RETAIN_SELF = YES;
				CLANG_WARN_OBJC_LITERAL_CONVERSION = YES;
				CLANG_WARN_OBJC_ROOT_CLASS = YES_ERROR;
				CLANG_WARN_RANGE_LOOP_ANALYSIS = YES;
				CLANG_WARN_STRICT_PROTOTYPES = YES;
				CLANG_WARN_SUSPICIOUS_MOVE = YES;
				CLANG_WARN_UNGUARDED_AVAILABILITY = YES_AGGRESSIVE;
				CLANG_WARN_UNREACHABLE_CODE = YES;
				CLANG_WARN__DUPLICATE_METHOD_MATCH = YES;
				CODE_SIGN_IDENTITY = "iPhone Developer";
				COPY_PHASE_STRIP = NO;
				DEBUG_INFORMATION_FORMAT = "dwarf-with-dsym";
				ENABLE_NS_ASSERTIONS = NO;
				ENABLE_STRICT_OBJC_MSGSEND = YES;
				GCC_C_LANGUAGE_STANDARD = gnu11;
				GCC_NO_COMMON_BLOCKS = YES;
				GCC_WARN_64_TO_32_BIT_CONVERSION = YES;
				GCC_WARN_ABOUT_RETURN_TYPE = YES_ERROR;
				GCC_WARN_UNDECLARED_SELECTOR = YES;
				GCC_WARN_UNINITIALIZED_AUTOS = YES_AGGRESSIVE;
				GCC_WARN_UNUSED_FUNCTION = YES;
				GCC_WARN_UNUSED_VARIABLE = YES;
				IPHONEOS_DEPLOYMENT_TARGET = 12.0;
				MTL_ENABLE_DEBUG_INFO = NO;
				MTL_FAST_MATH = YES;
				SDKROOT = iphoneos;
				SWIFT_COMPILATION_MODE = wholemodule;
				SWIFT_OPTIMIZATION_LEVEL = "-O";
				VALIDATE_PRODUCT = YES;
			};
			name = Release;
		};
		98A2DFA0215B8B46003433FE /* Debug */ = {
			isa = XCBuildConfiguration;
			buildSettings = {
				ASSETCATALOG_COMPILER_APPICON_NAME = AppIcon;
				CODE_SIGN_STYLE = Automatic;
				INFOPLIST_FILE = "UILabelSearchHighlighter/Support Files/Info.plist";
				LD_RUNPATH_SEARCH_PATHS = (
					"$(inherited)",
					"@executable_path/Frameworks",
				);
				PRODUCT_BUNDLE_IDENTIFIER = com.leocardz.UILabelSearchHighlighter;
				PRODUCT_NAME = "$(TARGET_NAME)";
				SWIFT_VERSION = 4.2;
				TARGETED_DEVICE_FAMILY = "1,2";
			};
			name = Debug;
		};
		98A2DFA1215B8B46003433FE /* Release */ = {
			isa = XCBuildConfiguration;
			buildSettings = {
				ASSETCATALOG_COMPILER_APPICON_NAME = AppIcon;
				CODE_SIGN_STYLE = Automatic;
				INFOPLIST_FILE = "UILabelSearchHighlighter/Support Files/Info.plist";
				LD_RUNPATH_SEARCH_PATHS = (
					"$(inherited)",
					"@executable_path/Frameworks",
				);
				PRODUCT_BUNDLE_IDENTIFIER = com.leocardz.UILabelSearchHighlighter;
				PRODUCT_NAME = "$(TARGET_NAME)";
				SWIFT_VERSION = 4.2;
				TARGETED_DEVICE_FAMILY = "1,2";
			};
			name = Release;
		};
/* End XCBuildConfiguration section */

/* Begin XCConfigurationList section */
		98A2DF88215B8B46003433FE /* Build configuration list for PBXProject "UILabelSearchHighlighter" */ = {
			isa = XCConfigurationList;
			buildConfigurations = (
				98A2DF9D215B8B46003433FE /* Debug */,
				98A2DF9E215B8B46003433FE /* Release */,
			);
			defaultConfigurationIsVisible = 0;
			defaultConfigurationName = Release;
		};
		98A2DF9F215B8B46003433FE /* Build configuration list for PBXNativeTarget "UILabelSearchHighlighter" */ = {
			isa = XCConfigurationList;
			buildConfigurations = (
				98A2DFA0215B8B46003433FE /* Debug */,
				98A2DFA1215B8B46003433FE /* Release */,
			);
			defaultConfigurationIsVisible = 0;
			defaultConfigurationName = Release;
		};
/* End XCConfigurationList section */
	};
	rootObject = 98A2DF85215B8B46003433FE /* Project object */;
}
